<Solution>
  <Folder Name="/Source/">
    <Project Path="src/PinballWizard.Core/PinballWizard.Core.csproj" />
    <Project Path="src/PinballWizard.Application/PinballWizard.Application.csproj" />
    <Project Path="src/PinballWizard.Infrastructure/PinballWizard.Infrastructure.csproj" />
    <Project Path="src/PinballWizard.Cli/PinballWizard.Cli.csproj" />
    <Project Path="src/PinballWizard.RagIngestionWorker/PinballWizard.RagIngestionWorker.csproj" />
    <Project Path="src/PinballWizard.Api/PinballWizard.Api.csproj" />
    <Project Path="src/PinballWizard.Web/PinballWizard.Web.csproj" />
    <Project Path="src/PinballWizard.Web.Client/PinballWizard.Web.Client.csproj" />
  </Folder>
  <Folder Name="/Aspire/">
    <Project Path="src/PinballWizard.AppHost/PinballWizard.AppHost.csproj" />
    <Project Path="src/PinballWizard.ServiceDefaults/PinballWizard.ServiceDefaults.csproj" />
  </Folder>
  <Folder Name="/Tests/">
    <Project Path="tests/PinballWizard.Core.Tests/PinballWizard.Core.Tests.csproj" />
    <Project Path="tests/PinballWizard.Application.Tests/PinballWizard.Application.Tests.csproj" />
    <Project Path="tests/PinballWizard.Infrastructure.Tests/PinballWizard.Infrastructure.Tests.csproj" />
    <Project Path="tests/PinballWizard.Web.Tests/PinballWizard.Web.Tests.csproj" />
    <Project Path="tests/PinballWizard.ServiceDefaults.Tests/PinballWizard.ServiceDefaults.Tests.csproj" />
  </Folder>
</Solution>
