{
  "version": 2,
  "dependencies": {
    "net10.0": {
      "AngleSharp": {
        "type": "Direct",
        "requested": "[1.7.3, )",
        "resolved": "1.7.3",
        "contentHash": "I8TpSvgOPAVQHjVvXaROZOkIGZdX0tn+e9CUix6mv5pMqfyKO+/zm/dofsXgsxVTJl/sSTnEMFwrdnqxTt2axQ=="
      },
      "Aspire.Microsoft.Azure.Cosmos": {
        "type": "Direct",
        "requested": "[13.5.3, )",
        "resolved": "13.5.3",
        "contentHash": "i8HUvoVrA4VfwS07iRBzNnuxdm+wGdrwV/2u/qNMUPwgam52UZ+O1yjFM3ZDywxAqimysmw80ZaDDdiNOdgKiw==",
        "dependencies": {
          "Azure.Core": "1.57.0",
          "Azure.Identity": "1.21.0",
          "Microsoft.Azure.Cosmos": "3.61.0",
          "Microsoft.Extensions.Configuration.Abstractions": "10.0.11",
          "Microsoft.Extensions.Configuration.Binder": "10.0.11",
          "Microsoft.Extensions.DependencyInjection.Abstractions": "10.0.11",
          "Microsoft.Extensions.Hosting.Abstractions": "10.0.11",
          "Microsoft.Extensions.Logging": "10.0.11",
          "Microsoft.Extensions.Logging.Abstractions": "10.0.11",
          "Microsoft.Extensions.Options": "10.0.11",
          "Microsoft.Extensions.Primitives": "10.0.11",
          "Newtonsoft.Json": "13.0.4",
          "OpenTelemetry.Extensions.Hosting": "1.15.3"
        }
      },
      "Azure.AI.DocumentIntelligence": {
        "type": "Direct",
        "requested": "[1.0.0, )",
        "resolved": "1.0.0",
        "contentHash": "RSpMmlRY5vvGy2TrAk4djJTqOsdHUunvhcSoSN+FJtexqZh6RFn+a2ylehIA/N+HV2IK0i+XK4VG3rDa8h2tsA==",
        "dependencies": {
          "Azure.Core": "1.44.1",
          "System.ClientModel": "1.2.1"
        }
      },
      "Azure.AI.OpenAI": {
        "type": "Direct",
        "requested": "[2.1.0, )",
        "resolved": "2.1.0",
        "contentHash": "doixr3tcsIcdzbzF9NxKt+6U0NKj6aPeOCPYONPsWjyf3gxVndVJAdjPcVdqeR/3vcRHXRgGnGlv+iXx5jMA4g==",
        "dependencies": {
          "Azure.Core": "1.44.1",
          "OpenAI": "2.1.0"
        }
      },
      "Azure.AI.Projects": {
        "type": "Direct",
        "requested": "[2.0.1, )",
        "resolved": "2.0.1",
        "contentHash": "kyNrCOgh3+bFKyPweD9sT2uQkUfjM6G9i/kbic/+eETauCABM4yRF4WuKnOCLAr0a9RaCQ8gveOGlpTT0DmWyw==",
        "dependencies": {
          "Azure.AI.Extensions.OpenAI": "2.0.0",
          "Azure.AI.Projects.Agents": "2.0.0",
          "Azure.Core": "1.53.0",
          "Azure.Storage.Blobs": "12.26.0"
        }
      },
      "Azure.Developer.Playwright": {
        "type": "Direct",
        "requested": "[1.0.0, )",
        "resolved": "1.0.0",
        "contentHash": "KpcTD1kqV/sxb5OvwvIKIbcKcZDBvFFH612dXibAsODrcUx8e9gJi4BsHCBDXPeMT9S42cF4kV2H8LtE4TDHRg==",
        "dependencies": {
          "Azure.Core": "1.47.3",
          "System.IdentityModel.Tokens.Jwt": "6.35.0"
        }
      },
      "Azure.Identity": {
        "type": "Direct",
        "requested": "[1.21.0, )",
        "resolved": "1.21.0",
        "contentHash": "GeFv8sGwRKvDKwI2WFy8r0mhmlxEVZg24Sit2NogTjiSO8RVjllWM65OT6e1sKjOvG8V74y7hAbaELUUPjZQSw==",
        "dependencies": {
          "Azure.Core": "1.53.0"
        }
      },
      "Azure.Monitor.Query": {
        "type": "Direct",
        "requested": "[1.7.1, )",
        "resolved": "1.7.1",
        "contentHash": "HJnal+BIaBiuiba1p2X5lNyx6I+CnqcjEMNv19R1jtjas5hk9sdUcPmZOLaECFRExFBxLDc2xuLJkXmglFXQbg==",
        "dependencies": {
          "Azure.Core": "1.47.1",
          "System.ClientModel": "1.6.0"
        }
      },
      "Azure.ResourceManager.AppContainers": {
        "type": "Direct",
        "requested": "[1.5.0, )",
        "resolved": "1.5.0",
        "contentHash": "hl/Rsbso/SLJnefb618sSWuLYGM8ENraFsC2GypdPEh5x4hMf5NTgaTa5WTRt6d9bNkZki/eoWWTqS0DsQ1msA==",
        "dependencies": {
          "Azure.Core": "1.49.0",
          "Azure.ResourceManager": "1.13.2"
        }
      },
      "Azure.ResourceManager.CosmosDB": {
        "type": "Direct",
        "requested": "[1.5.0, )",
        "resolved": "1.5.0",
        "contentHash": "YqmW7VE4S4ezcWLTL4RLsfjuIF2HcaEvuZiXFzO+5zTd0+VlTBb11npPMi3iHBpF0jdS+uZfO032WZnaqe09Zg==",
        "dependencies": {
          "Azure.Core": "1.60.0",
          "Azure.ResourceManager": "1.14.0"
        }
      },
      "Azure.Search.Documents": {
        "type": "Direct",
        "requested": "[12.0.0, )",
        "resolved": "12.0.0",
        "contentHash": "HziwTmbadPNT/Q0Bau3n7ubQQJde5AWGi2LpzA30JwDasJiY5ogyrp7pALpvUy5HYcgSMRrRdLtahgTT5TPyrA==",
        "dependencies": {
          "Azure.Core": "1.54.0"
        }
      },
      "Azure.Storage.Blobs": {
        "type": "Direct",
        "requested": "[12.29.2, )",
        "resolved": "12.29.2",
        "contentHash": "NeZmk7bphspT2BYn8XaNCTV4/9vQG+ea79F85MBTi2o2WiXIIJNsRBtFyeBrzK2HIk476rfSqLNwPt4vXgOEkQ==",
        "dependencies": {
          "Azure.Core": "1.55.0",
          "Azure.Storage.Common": "12.28.0"
        }
      },
      "Microsoft.Agents.AI.Foundry": {
        "type": "Direct",
        "requested": "[1.5.0, )",
        "resolved": "1.5.0",
        "contentHash": "LhTqYBN0K4ubVQce0Dtau4czwuQelIXNenKjc5s8bhUQetcuwZrJVI396UwayIMI3mX0ao7KykBpQYOaURTusw==",
        "dependencies": {
          "Azure.AI.Projects": "2.0.0",
          "Azure.Core": "1.53.0",
          "Azure.Identity": "1.21.0",
          "Microsoft.Agents.AI": "1.5.0",
          "Microsoft.Bcl.AsyncInterfaces": "10.0.6",
          "Microsoft.Extensions.AI": "10.5.1",
          "Microsoft.Extensions.AI.Abstractions": "10.5.1",
          "Microsoft.Extensions.AI.Evaluation": "10.4.0",
          "Microsoft.Extensions.AI.OpenAI": "10.5.1",
          "Microsoft.Extensions.Compliance.Abstractions": "10.5.0",
          "Microsoft.Extensions.DependencyInjection.Abstractions": "10.0.6",
          "Microsoft.Extensions.FileSystemGlobbing": "10.0.6",
          "Microsoft.Extensions.Logging.Abstractions": "10.0.6",
          "Microsoft.Extensions.VectorData.Abstractions": "9.7.0",
          "Microsoft.Identity.Client.Extensions.Msal": "4.83.1",
          "Microsoft.ML.Tokenizers": "2.0.0",
          "OpenAI": "2.10.0",
          "System.ClientModel": "1.10.0"
        }
      },
      "Microsoft.Azure.Cosmos": {
        "type": "Direct",
        "requested": "[3.62.1, )",
        "resolved": "3.62.1",
        "contentHash": "1jNOGwdtwHjk40zfxPv3dhwpqX7Ilex1PUuCPYDEMBAa3Y7HZS5GxoXbzGR+uxVJc4XKwFH9ZWkSLgswCgXlYQ==",
        "dependencies": {
          "Azure.Core": "1.44.1",
          "Microsoft.Bcl.AsyncInterfaces": "6.0.0",
          "Microsoft.Bcl.HashCode": "1.1.0",
          "System.Configuration.ConfigurationManager": "6.0.0"
        }
      },
      "Microsoft.Extensions.Caching.Memory": {
        "type": "Direct",
        "requested": "[10.0.11, )",
        "resolved": "10.0.11",
        "contentHash": "el1g0mBEbDBGY2bT9mcSfrTWO8QlPdq2nOCnvQugioOFwHV+bVBMeiakoI0dNOdj8d6Hi9K6HY2xzRUWJiDR3w==",
        "dependencies": {
          "Microsoft.Extensions.Caching.Abstractions": "10.0.11",
          "Microsoft.Extensions.DependencyInjection.Abstractions": "10.0.11",
          "Microsoft.Extensions.Logging.Abstractions": "10.0.11",
          "Microsoft.Extensions.Options": "10.0.11",
          "Microsoft.Extensions.Primitives": "10.0.11"
        }
      },
      "Microsoft.Extensions.Configuration.Abstractions": {
        "type": "Direct",
        "requested": "[10.0.11, )",
        "resolved": "10.0.11",
        "contentHash": "fVi053xdpda9Em7vSkmgVxO/PtgC2m78ekReKWsgcyskqY0U82Bz/MONwxpGzI0hElYKJfw+fupqMVeKW3fSaA==",
        "dependencies": {
          "Microsoft.Extensions.Primitives": "10.0.11"
        }
      },
      "Microsoft.Extensions.DependencyInjection.Abstractions": {
        "type": "Direct",
        "requested": "[10.0.11, )",
        "resolved": "10.0.11",
        "contentHash": "/a1aJz4m7ylhEDf25ugQChLQoN5XwoGjWw/BoR/ZWWKsO1v4DdJElS1uyngahz4B/eOzjFk1KNTkarRLE5wsIg=="
      },
      "Microsoft.Extensions.Diagnostics.HealthChecks": {
        "type": "Direct",
        "requested": "[10.0.11, )",
        "resolved": "10.0.11",
        "contentHash": "fzUGzOCLquuyIxVVvvcw9h8KaUrRZ/cGTai2gBDQ1YxbdH/8eZnSyoOu+PQJYoD+RUcgTTlVe6D4+FrcaUOR9w==",
        "dependencies": {
          "Microsoft.Extensions.Diagnostics.HealthChecks.Abstractions": "10.0.11",
          "Microsoft.Extensions.Hosting.Abstractions": "10.0.11",
          "Microsoft.Extensions.Logging.Abstractions": "10.0.11",
          "Microsoft.Extensions.Options": "10.0.11"
        }
      },
      "Microsoft.Extensions.Hosting": {
        "type": "Direct",
        "requested": "[10.0.11, )",
        "resolved": "10.0.11",
        "contentHash": "eIDa/Rl+93aj17gMlFsJJx+LhBvb3CP0Mu1PeVYkDp2Y3S4Jock8UynfGQEcx7lrlq+gKW+ECQJHbro/LTPDEQ==",
        "dependencies": {
          "Microsoft.Extensions.Configuration": "10.0.11",
          "Microsoft.Extensions.Configuration.Abstractions": "10.0.11",
          "Microsoft.Extensions.Configuration.Binder": "10.0.11",
          "Microsoft.Extensions.Configuration.CommandLine": "10.0.11",
          "Microsoft.Extensions.Configuration.EnvironmentVariables": "10.0.11",
          "Microsoft.Extensions.Configuration.FileExtensions": "10.0.11",
          "Microsoft.Extensions.Configuration.Json": "10.0.11",
          "Microsoft.Extensions.Configuration.UserSecrets": "10.0.11",
          "Microsoft.Extensions.DependencyInjection": "10.0.11",
          "Microsoft.Extensions.DependencyInjection.Abstractions": "10.0.11",
          "Microsoft.Extensions.Diagnostics": "10.0.11",
          "Microsoft.Extensions.FileProviders.Abstractions": "10.0.11",
          "Microsoft.Extensions.FileProviders.Physical": "10.0.11",
          "Microsoft.Extensions.Hosting.Abstractions": "10.0.11",
          "Microsoft.Extensions.Logging": "10.0.11",
          "Microsoft.Extensions.Logging.Abstractions": "10.0.11",
          "Microsoft.Extensions.Logging.Configuration": "10.0.11",
          "Microsoft.Extensions.Logging.Console": "10.0.11",
          "Microsoft.Extensions.Logging.Debug": "10.0.11",
          "Microsoft.Extensions.Logging.EventLog": "10.0.11",
          "Microsoft.Extensions.Logging.EventSource": "10.0.11",
          "Microsoft.Extensions.Options": "10.0.11"
        }
      },
      "Microsoft.Extensions.Http": {
        "type": "Direct",
        "requested": "[10.0.11, )",
        "resolved": "10.0.11",
        "contentHash": "ujx8RvcKzkxPFBguwgiygbwWVHVK0P7HFlNJ6I0JBRb28tzwe42jixBoA+dGmqG9IHepPVcm04vv2IDnU93ekA==",
        "dependencies": {
          "Microsoft.Extensions.Configuration.Abstractions": "10.0.11",
          "Microsoft.Extensions.DependencyInjection.Abstractions": "10.0.11",
          "Microsoft.Extensions.Diagnostics": "10.0.11",
          "Microsoft.Extensions.Logging": "10.0.11",
          "Microsoft.Extensions.Logging.Abstractions": "10.0.11",
          "Microsoft.Extensions.Options": "10.0.11"
        }
      },
      "Microsoft.Extensions.Logging.Abstractions": {
        "type": "Direct",
        "requested": "[10.0.11, )",
        "resolved": "10.0.11",
        "contentHash": "Ljd0Uxoq5XpScD2Bg0nM/r3mwx7Ao5Uq24eo2ARxbGvqJ7Zht6rt2cJtwVRH4Cv+1ZVMdXz6TB43KbpmsxRrvQ==",
        "dependencies": {
          "Microsoft.Extensions.DependencyInjection.Abstractions": "10.0.11"
        }
      },
      "Microsoft.Extensions.Options": {
        "type": "Direct",
        "requested": "[10.0.11, )",
        "resolved": "10.0.11",
        "contentHash": "eY1GAKcTfD2maP27J84X9IovT3yjHJ2dVDzPmDg6/XqYvt3jMzJhtfQCLjG9pVsZGAd+8DQ2QrjaDcs2+VQLGw==",
        "dependencies": {
          "Microsoft.Extensions.DependencyInjection.Abstractions": "10.0.11",
          "Microsoft.Extensions.Primitives": "10.0.11"
        }
      },
      "Microsoft.Extensions.Options.DataAnnotations": {
        "type": "Direct",
        "requested": "[10.0.11, )",
        "resolved": "10.0.11",
        "contentHash": "eTrVwfQkfJTjz3JyjCjuL/SiSvGuTwuTheJHJD316soiel/mbf4N/4bO/WBMOpjnWzFvDz1S44fQFZi79veQOg==",
        "dependencies": {
          "Microsoft.Extensions.DependencyInjection.Abstractions": "10.0.11",
          "Microsoft.Extensions.Options": "10.0.11"
        }
      },
      "Microsoft.Playwright": {
        "type": "Direct",
        "requested": "[1.62.0, )",
        "resolved": "1.62.0",
        "contentHash": "cos6dmHPcMpS6bXw2WEgoXb8KXwMhs3c5L0P/cUf2rdUpjVA3g3u+KiSpVp2VCzsXymRpy2tFHqm+Wnz7s5VhQ==",
        "dependencies": {
          "Microsoft.Bcl.AsyncInterfaces": "6.0.0",
          "System.ComponentModel.Annotations": "5.0.0"
        }
      },
      "Microsoft.SourceLink.GitHub": {
        "type": "Direct",
        "requested": "[10.0.300, )",
        "resolved": "10.0.300",
        "contentHash": "QzCtLkXVb3l4IxcpvJCbzUwMLihAmLN6vVLjQGSzYSF8d2dvXxqJAZk83RV3gYnp2egz8jRMgSR2woY3vOahTA==",
        "dependencies": {
          "Microsoft.Build.Tasks.Git": "10.0.300",
          "Microsoft.SourceLink.Common": "10.0.300",
          "System.IO.Hashing": "10.0.8"
        }
      },
      "Newtonsoft.Json": {
        "type": "Direct",
        "requested": "[13.0.4, )",
        "resolved": "13.0.4",
        "contentHash": "pdgNNMai3zv51W5aq268sujXUyx7SNdE2bj1wZcWjAQrKMFZV260lbqYop1d2GM67JI1huLRwxo9ZqnfF/lC6A=="
      },
      "PdfPig": {
        "type": "Direct",
        "requested": "[0.1.16, )",
        "resolved": "0.1.16",
        "contentHash": "qQcbsNMYVY+K5ELptax2S8thNMk0+rSQq3H/KdYj3LLcko8yTCz8y5KIvsKxIyAuTN0ZYNnfsZkM+0EvxTwHVA=="
      },
      "Azure.AI.Extensions.OpenAI": {
        "type": "Transitive",
        "resolved": "2.0.0",
        "contentHash": "z1yUaGcNMPEm6jrV0YIa6ASIOkG3OLSDvX+PJkUkN1uv1b0pPIkUElLLppNouauxXjo/C+pW2rNNKdi784B2Pw==",
        "dependencies": {
          "Azure.Core": "1.52.0",
          "OpenAI": "2.9.1"
        }
      },
      "Azure.AI.Projects.Agents": {
        "type": "Transitive",
        "resolved": "2.0.0",
        "contentHash": "Jol7z6/IKelnimA/zA1tk5vY2HxwVMwPjp77SGcPGOnJ6gZkz7l5Q2URzXrKfL4rG14D2qK+n1uD8eVySHZ5gQ==",
        "dependencies": {
          "Azure.Core": "1.52.0",
          "OpenAI": "2.9.1"
        }
      },
      "Azure.ResourceManager": {
        "type": "Transitive",
        "resolved": "1.14.0",
        "contentHash": "i925pQG3EPXQ+jgTfO/26aODZ7IqWBo34nYg+kCgCPLGsMulbzjuJDiJH+PHV+xoWEjFKGvm1SBaAAXbG4887A==",
        "dependencies": {
          "Azure.Core": "1.51.1"
        }
      },
      "Azure.Storage.Common": {
        "type": "Transitive",
        "resolved": "12.28.0",
        "contentHash": "5l8YhNrks38zKLGFW2BBFLwieyamH/xauABSASsdpZv79G0f+n2n22IjkRmUqCmALSupkwRHh2LOhbW3yj5Qgw==",
        "dependencies": {
          "Azure.Core": "1.55.0",
          "System.IO.Hashing": "10.0.3"
        }
      },
      "Google.Protobuf": {
        "type": "Transitive",
        "resolved": "3.30.2",
        "contentHash": "Y2aOVLIt75yeeEWigg9V9YnjsEm53sADtLGq0gLhwaXpk3iu8tYSoauolyhenagA2sWno2TQ2WujI0HQd6s1Vw=="
      },
      "Microsoft.Agents.AI.Abstractions": {
        "type": "Transitive",
        "resolved": "1.5.0",
        "contentHash": "0kCjY+20vGJE5Tk/rJRV+kAIJ+3h2fYlDNEaFylw+olC7NAyp7u1odQDX+LRSOddgzvFeXtMeGW0sRxPxdftUA==",
        "dependencies": {
          "Microsoft.Extensions.AI.Abstractions": "10.5.1"
        }
      },
      "Microsoft.Bcl.AsyncInterfaces": {
        "type": "Transitive",
        "resolved": "10.0.10",
        "contentHash": "TFI6OKYE1XZz4SGuTSH70c6SBdPpFktXsoa1gCxTr3mKrhmXirnvaS0tKz+J3ZWICEAmMpEGn59nO4ICtUpQXA=="
      },
      "Microsoft.Bcl.HashCode": {
        "type": "Transitive",
        "resolved": "6.0.0",
        "contentHash": "GI4jcoi6eC9ZhNOQylIBaWOQjyGaR8T6N3tC1u8p3EXfndLCVNNWa+Zp+ocjvvS3kNBN09Zma2HXL0ezO0dRfw=="
      },
      "Microsoft.Build.Tasks.Git": {
        "type": "Transitive",
        "resolved": "10.0.300",
        "contentHash": "P0kaQwVZx4xIUe2FtrLyBadYNXuAljttJUPvjBYRuHhPE8L77L42KakLDkaADRiUrGspoLcMwayjrbQhYTr0zA==",
        "dependencies": {
          "System.IO.Hashing": "10.0.8"
        }
      },
      "Microsoft.Extensions.AI": {
        "type": "Transitive",
        "resolved": "10.5.1",
        "contentHash": "/PFiinNc+z8bOcDHak5uxC7l44HheG/cFaI5AAOKQ9Naf1+3O6sKXwvtRSXVz5TVb0A9rU+DVR7M8xqOzBoJNA==",
        "dependencies": {
          "Microsoft.Extensions.AI.Abstractions": "10.5.1",
          "Microsoft.Extensions.Caching.Abstractions": "10.0.6",
          "Microsoft.Extensions.DependencyInjection.Abstractions": "10.0.6",
          "Microsoft.Extensions.Logging.Abstractions": "10.0.6",
          "System.Numerics.Tensors": "10.0.6"
        }
      },
      "Microsoft.Extensions.AI.Abstractions": {
        "type": "Transitive",
        "resolved": "10.5.1",
        "contentHash": "nB0l3IlsVbNeUxsE7nZNb9GY8rP1OSeqpj0pseORPejt474HNKEauTWTLdSJPkSvPlRMxowZNMo6nyp7APAiSg=="
      },
      "Microsoft.Extensions.AI.Evaluation": {
        "type": "Transitive",
        "resolved": "10.4.0",
        "contentHash": "9CPUMm6mn+EcwnddG2SiVgsOm0IIvoehHicx17eTdBQgm4KEBet/g4Xn8Ia0wcECTO0deRcd9DiG8Bvn63uRxQ==",
        "dependencies": {
          "Microsoft.Extensions.AI.Abstractions": "10.4.0"
        }
      },
      "Microsoft.Extensions.AI.OpenAI": {
        "type": "Transitive",
        "resolved": "10.5.1",
        "contentHash": "P+fDTMcZBoRrZQNQi7m3T+26FvglhnoP53p2sT5Nc8w2WQxJDH/mz957UILFT/w8uKSx5EAGLFbMduspCy/7aQ==",
        "dependencies": {
          "Microsoft.Extensions.AI.Abstractions": "10.5.1",
          "OpenAI": "2.10.0"
        }
      },
      "Microsoft.Extensions.Caching.Abstractions": {
        "type": "Transitive",
        "resolved": "10.0.11",
        "contentHash": "vUl798SmruTqqlt/xH2gDk3tJlhk6k3HdOXAHirlRfbNKDym4g/kRpUL9S4sl6F6FsOTOMW+ZsDapqlZMOOiEw==",
        "dependencies": {
          "Microsoft.Extensions.Primitives": "10.0.11"
        }
      },
      "Microsoft.Extensions.Compliance.Abstractions": {
        "type": "Transitive",
        "resolved": "10.5.0",
        "contentHash": "xbWZji13Vb2jDJNtwVrKpI09jd8x3n3fL+GzhiLK+8O5Wc2A+GyqCZalST2fV46Pf0QfCwkXf83y+3/rDkCd7A==",
        "dependencies": {
          "Microsoft.Extensions.DependencyInjection.Abstractions": "10.0.6",
          "Microsoft.Extensions.ObjectPool": "10.0.6"
        }
      },
      "Microsoft.Extensions.Configuration": {
        "type": "Transitive",
        "resolved": "10.0.11",
        "contentHash": "wlhRqZW8LcJPa+vk2oLAc/REXDItHtkFQdf/QcXYGZbZOO13izcsKY1pCvuFQYwUiZD+hwSZwsKASjqT+BNaVg==",
        "dependencies": {
          "Microsoft.Extensions.Configuration.Abstractions": "10.0.11",
          "Microsoft.Extensions.Primitives": "10.0.11"
        }
      },
      "Microsoft.Extensions.Configuration.CommandLine": {
        "type": "Transitive",
        "resolved": "10.0.11",
        "contentHash": "1KHr/1L56llwQ/yI0tAisEA31UpPsn8aasjASIwELOaN4JIUcbjuQBMdFOIzfNBBeULoUa0XfBe5QDtRRUY+fg==",
        "dependencies": {
          "Microsoft.Extensions.Configuration": "10.0.11",
          "Microsoft.Extensions.Configuration.Abstractions": "10.0.11"
        }
      },
      "Microsoft.Extensions.Configuration.EnvironmentVariables": {
        "type": "Transitive",
        "resolved": "10.0.11",
        "contentHash": "KICyU3eVi5jvloKm01EXV69L97H/zkhISVtV98cIuzuFOxNx3xTUVcXqvWTz3aq7OvUuDB/MFlPFjmxRaKF7/A==",
        "dependencies": {
          "Microsoft.Extensions.Configuration": "10.0.11",
          "Microsoft.Extensions.Configuration.Abstractions": "10.0.11"
        }
      },
      "Microsoft.Extensions.Configuration.FileExtensions": {
        "type": "Transitive",
        "resolved": "10.0.11",
        "contentHash": "mDW7KVFB05M6jiRUyaZiOMWhS31n5HlSZwoYctHAZAucD4sMDJ70IxOmkGDt6RpstchD+keWBjhdzcMpSkWvWQ==",
        "dependencies": {
          "Microsoft.Extensions.Configuration": "10.0.11",
          "Microsoft.Extensions.Configuration.Abstractions": "10.0.11",
          "Microsoft.Extensions.FileProviders.Abstractions": "10.0.11",
          "Microsoft.Extensions.FileProviders.Physical": "10.0.11",
          "Microsoft.Extensions.Primitives": "10.0.11"
        }
      },
      "Microsoft.Extensions.Configuration.Json": {
        "type": "Transitive",
        "resolved": "10.0.11",
        "contentHash": "nSPrT8U/cNoB4coqkmnanAMK9PsL7lsjG+LLUKEwHRFwS6E78b8S1wdv/y88EOxBhasWov1rLd7RTHmmsYPOLg==",
        "dependencies": {
          "Microsoft.Extensions.Configuration": "10.0.11",
          "Microsoft.Extensions.Configuration.Abstractions": "10.0.11",
          "Microsoft.Extensions.Configuration.FileExtensions": "10.0.11",
          "Microsoft.Extensions.FileProviders.Abstractions": "10.0.11"
        }
      },
      "Microsoft.Extensions.Configuration.UserSecrets": {
        "type": "Transitive",
        "resolved": "10.0.11",
        "contentHash": "BRliLdUowglV8GS+J1G/QsSofCJYYFg3U8QZx0ACRn+a91az/Qnpy+h6PyHS94WgV2TSazX5D/cuuk6wnCJatw==",
        "dependencies": {
          "Microsoft.Extensions.Configuration.Abstractions": "10.0.11",
          "Microsoft.Extensions.Configuration.Json": "10.0.11",
          "Microsoft.Extensions.FileProviders.Abstractions": "10.0.11",
          "Microsoft.Extensions.FileProviders.Physical": "10.0.11"
        }
      },
      "Microsoft.Extensions.DependencyInjection": {
        "type": "Transitive",
        "resolved": "10.0.11",
        "contentHash": "PSmotV19c7E3lKed++uYo1kSiXFI+uTl37CBSrhq+CfLC3FCHjG7R91+xPnNehQfHS1b0Tzo/CCLPWH3qaEheg==",
        "dependencies": {
          "Microsoft.Extensions.DependencyInjection.Abstractions": "10.0.11"
        }
      },
      "Microsoft.Extensions.Diagnostics": {
        "type": "Transitive",
        "resolved": "10.0.11",
        "contentHash": "HT70uGPxMLqqnOzKMcnQtDmeV4r0KHr4qVCLhP7SXil9jMEm8sQXwcybxVVFGXZJ1V44xV0mLqQ54aZbcR2OiQ==",
        "dependencies": {
          "Microsoft.Extensions.Configuration": "10.0.11",
          "Microsoft.Extensions.Diagnostics.Abstractions": "10.0.11",
          "Microsoft.Extensions.Options.ConfigurationExtensions": "10.0.11"
        }
      },
      "Microsoft.Extensions.Diagnostics.Abstractions": {
        "type": "Transitive",
        "resolved": "10.0.11",
        "contentHash": "se7Kx8QpJEt+nf26L4qIVAofGTDr1wbexxsh/Fm3Xc04xUkqUXK06KUS7FLwSQYSjqb7q9n+T7MEcXYBhI1Y5g==",
        "dependencies": {
          "Microsoft.Extensions.DependencyInjection.Abstractions": "10.0.11",
          "Microsoft.Extensions.Options": "10.0.11"
        }
      },
      "Microsoft.Extensions.Diagnostics.HealthChecks.Abstractions": {
        "type": "Transitive",
        "resolved": "10.0.11",
        "contentHash": "5DCBP95vpklAkEfIbT2yzunianCeRtjaLrmAwoIgTf+xOJGFMmkAut/p3R2YmZL7TM1dnV81adGIg4m7Kg6wUw=="
      },
      "Microsoft.Extensions.FileProviders.Abstractions": {
        "type": "Transitive",
        "resolved": "10.0.11",
        "contentHash": "JOjac6SQQgZmdmB8WGEw61/7siqMZoWJMkmq2p1goJGxqI59lO6oB4bOl0jNsbaPBdYy5Mlkb+6U7T4+CjnD8Q==",
        "dependencies": {
          "Microsoft.Extensions.Primitives": "10.0.11"
        }
      },
      "Microsoft.Extensions.FileProviders.Physical": {
        "type": "Transitive",
        "resolved": "10.0.11",
        "contentHash": "Tq/UqMaczePv9yWwSsJZRgKtgA46djVR5xHj/lZBCueQ3ag8f9v5mu0EdhrNx7tXxNk+Y9OurG2oKuSKINjr0A==",
        "dependencies": {
          "Microsoft.Extensions.FileProviders.Abstractions": "10.0.11",
          "Microsoft.Extensions.FileSystemGlobbing": "10.0.11",
          "Microsoft.Extensions.Primitives": "10.0.11"
        }
      },
      "Microsoft.Extensions.FileSystemGlobbing": {
        "type": "Transitive",
        "resolved": "10.0.11",
        "contentHash": "2i6rtW/B5rCnWCnhdmWWEmaM9O0HD0zsPY9eRqa++y4tclI3Uw8zvGbBvhY/LjAdtf8gUHhUPcAWj3DRlWMXmQ=="
      },
      "Microsoft.Extensions.Hosting.Abstractions": {
        "type": "Transitive",
        "resolved": "10.0.11",
        "contentHash": "pwtpF7iF/NNaOBcX+pvMZ7y2+JAVbH5KkNrH9uMZtuVxVJsFTDiWiCR7Tk3HVptsAijaetipUZVRVK2LLq+nvA==",
        "dependencies": {
          "Microsoft.Extensions.Configuration.Abstractions": "10.0.11",
          "Microsoft.Extensions.DependencyInjection.Abstractions": "10.0.11",
          "Microsoft.Extensions.Diagnostics.Abstractions": "10.0.11",
          "Microsoft.Extensions.FileProviders.Abstractions": "10.0.11",
          "Microsoft.Extensions.Logging.Abstractions": "10.0.11"
        }
      },
      "Microsoft.Extensions.Logging.Configuration": {
        "type": "Transitive",
        "resolved": "10.0.11",
        "contentHash": "S7LvLeVHKNPaY2NMyxW7c2TBGsLgxoSUBCV5Ev5iN8kgC7EPR2UB7eW7vHsElGMcIUDwRmoxLfvGDynCn3q6EA==",
        "dependencies": {
          "Microsoft.Extensions.Configuration": "10.0.11",
          "Microsoft.Extensions.Configuration.Abstractions": "10.0.11",
          "Microsoft.Extensions.Configuration.Binder": "10.0.11",
          "Microsoft.Extensions.DependencyInjection.Abstractions": "10.0.11",
          "Microsoft.Extensions.Logging": "10.0.11",
          "Microsoft.Extensions.Logging.Abstractions": "10.0.11",
          "Microsoft.Extensions.Options": "10.0.11",
          "Microsoft.Extensions.Options.ConfigurationExtensions": "10.0.11"
        }
      },
      "Microsoft.Extensions.Logging.Console": {
        "type": "Transitive",
        "resolved": "10.0.11",
        "contentHash": "dFc0yDudyD1iIg6z9XT7ofsT3hVO7Y4ylrxGHIVRR0GaZ4CUk4ujOrMoy7wWEdNHZhvJooySg6hZpOxyS8zEVA==",
        "dependencies": {
          "Microsoft.Extensions.DependencyInjection.Abstractions": "10.0.11",
          "Microsoft.Extensions.Logging": "10.0.11",
          "Microsoft.Extensions.Logging.Abstractions": "10.0.11",
          "Microsoft.Extensions.Logging.Configuration": "10.0.11",
          "Microsoft.Extensions.Options": "10.0.11"
        }
      },
      "Microsoft.Extensions.Logging.Debug": {
        "type": "Transitive",
        "resolved": "10.0.11",
        "contentHash": "wr+j1bjdFXhc8lKTLoq+RbwFM8M+orcMS9xrcqLmDGOxJcXpKizEeE5h6v/GKwCZV02FmhaA7OlNjoq072jZpQ==",
        "dependencies": {
          "Microsoft.Extensions.DependencyInjection.Abstractions": "10.0.11",
          "Microsoft.Extensions.Logging": "10.0.11",
          "Microsoft.Extensions.Logging.Abstractions": "10.0.11"
        }
      },
      "Microsoft.Extensions.Logging.EventLog": {
        "type": "Transitive",
        "resolved": "10.0.11",
        "contentHash": "Eck9GpCCpvZ3f6L7IUlN+mPtRVefnf7PsiIG5vi61QawPtLNCEAv2TPD/M3SojcU0PFaef+BxiVGPOShFHtDog==",
        "dependencies": {
          "Microsoft.Extensions.DependencyInjection.Abstractions": "10.0.11",
          "Microsoft.Extensions.Logging": "10.0.11",
          "Microsoft.Extensions.Logging.Abstractions": "10.0.11",
          "Microsoft.Extensions.Options": "10.0.11",
          "System.Diagnostics.EventLog": "10.0.11"
        }
      },
      "Microsoft.Extensions.Logging.EventSource": {
        "type": "Transitive",
        "resolved": "10.0.11",
        "contentHash": "hs6QWECLLohi2VKqUvSGRUvrg7eXR1DqKL95Jrtz3cdD2g2nBA+yJPdRQLZ7SLmnTZWycxfMDK2s0ho+rfst5w==",
        "dependencies": {
          "Microsoft.Extensions.DependencyInjection.Abstractions": "10.0.11",
          "Microsoft.Extensions.Logging": "10.0.11",
          "Microsoft.Extensions.Logging.Abstractions": "10.0.11",
          "Microsoft.Extensions.Options": "10.0.11",
          "Microsoft.Extensions.Primitives": "10.0.11"
        }
      },
      "Microsoft.Extensions.ObjectPool": {
        "type": "Transitive",
        "resolved": "10.0.6",
        "contentHash": "2Jafd4fdxxiwiQ08mcF+Lf3vqikkQZusGVThOKZNSmPDceGk4IwkjeHL7OEb9Ov8q9ICY5wofL98CS153K5VvQ=="
      },
      "Microsoft.Extensions.Options.ConfigurationExtensions": {
        "type": "Transitive",
        "resolved": "10.0.11",
        "contentHash": "syEhXQ/sEaSBFaqzlp9gDGHX/nk6gkQkh1sIUpBO1mlBj3Phu1rmb4ML1uCiyPW9N6Kxfxv3y5FGObC+bV01Qw==",
        "dependencies": {
          "Microsoft.Extensions.Configuration.Abstractions": "10.0.11",
          "Microsoft.Extensions.Configuration.Binder": "10.0.11",
          "Microsoft.Extensions.DependencyInjection.Abstractions": "10.0.11",
          "Microsoft.Extensions.Options": "10.0.11",
          "Microsoft.Extensions.Primitives": "10.0.11"
        }
      },
      "Microsoft.Extensions.Primitives": {
        "type": "Transitive",
        "resolved": "10.0.11",
        "contentHash": "SXcz+kF+4Oo9b1+55zntpJFYfwb1jw66ioxptyNOOTDc8g2FHnBFWjZpsWfCvZIhzr0x+4e2trVTs4OKwQfBtw=="
      },
      "Microsoft.Extensions.VectorData.Abstractions": {
        "type": "Transitive",
        "resolved": "9.7.0",
        "contentHash": "Vth/omSCX2vR0JabzSRU/hdPhr0CvUVZlaS2lJPWHrEwvak8ntrQLDtLMtMiWKSvviGBe/WmjUW8gA3qqn9tjw==",
        "dependencies": {
          "Microsoft.Extensions.AI.Abstractions": "9.5.0"
        }
      },
      "Microsoft.Identity.Client": {
        "type": "Transitive",
        "resolved": "4.84.2",
        "contentHash": "Va9FjmABSgj/lcUfHH0pBNQkmS7SNyepz2ERV7Yynp6QgEYpFdSqR6Vzy1WWipN8GS5pBHuXoZbqaDWuARCrHQ==",
        "dependencies": {
          "Microsoft.IdentityModel.Abstractions": "8.14.0"
        }
      },
      "Microsoft.Identity.Client.Extensions.Msal": {
        "type": "Transitive",
        "resolved": "4.84.2",
        "contentHash": "+D98LaU3dOu/Nzs6kgbBJapMvH7iwYcAeC99XwSkpmEadsPv6rozecOl9P6m4A3RfpOuPt9e6J6TwwUUp3+M4w==",
        "dependencies": {
          "Microsoft.Identity.Client": "4.84.2",
          "System.Security.Cryptography.ProtectedData": "4.5.0"
        }
      },
      "Microsoft.IdentityModel.Abstractions": {
        "type": "Transitive",
        "resolved": "8.14.0",
        "contentHash": "iwbCpSjD3ehfTwBhtSNEtKPK0ICun6ov7Ibx6ISNA9bfwIyzI2Siwyi9eJFCJBwxowK9xcA1mj+jBWiigeqgcQ=="
      },
      "Microsoft.IdentityModel.JsonWebTokens": {
        "type": "Transitive",
        "resolved": "6.35.0",
        "contentHash": "9wxai3hKgZUb4/NjdRKfQd0QJvtXKDlvmGMYACbEC8DFaicMFCFhQFZq9ZET1kJLwZahf2lfY5Gtcpsx8zYzbg==",
        "dependencies": {
          "Microsoft.IdentityModel.Tokens": "6.35.0"
        }
      },
      "Microsoft.IdentityModel.Logging": {
        "type": "Transitive",
        "resolved": "6.35.0",
        "contentHash": "jePrSfGAmqT81JDCNSY+fxVWoGuJKt9e6eJ+vT7+quVS55nWl//jGjUQn4eFtVKt4rt5dXaleZdHRB9J9AJZ7Q==",
        "dependencies": {
          "Microsoft.IdentityModel.Abstractions": "6.35.0"
        }
      },
      "Microsoft.IdentityModel.Tokens": {
        "type": "Transitive",
        "resolved": "6.35.0",
        "contentHash": "RN7lvp7s3Boucg1NaNAbqDbxtlLj5Qeb+4uSS1TeK5FSBVM40P4DKaTKChT43sHyKfh7V0zkrMph6DdHvyA4bg==",
        "dependencies": {
          "Microsoft.IdentityModel.Logging": "6.35.0"
        }
      },
      "Microsoft.SourceLink.Common": {
        "type": "Transitive",
        "resolved": "10.0.300",
        "contentHash": "0jlkXaUGjYlWTIVPve5MftjKHnT3SlAtq9BCLV4J9IjdPrxV/+4rMlBSjfr1khG8/GC6KGojjola8E1VvWF0qQ=="
      },
      "Microsoft.Win32.SystemEvents": {
        "type": "Transitive",
        "resolved": "6.0.0",
        "contentHash": "hqTM5628jSsQiv+HGpiq3WKBl2c8v1KZfby2J6Pr7pEPlK9waPdgEO6b8A/+/xn/yZ9ulv8HuqK71ONy2tg67A=="
      },
      "OpenAI": {
        "type": "Transitive",
        "resolved": "2.10.0",
        "contentHash": "e5gAhMDcX5bFmmtR+lT6qZxJoaGb0SkIplPUUdKwcC4xerCh471hTIsrvfkou7scfZD9YQk6C06dP3NwBqHw1A==",
        "dependencies": {
          "System.ClientModel": "1.10.0"
        }
      },
      "OpenTelemetry": {
        "type": "Transitive",
        "resolved": "1.15.3",
        "contentHash": "N0i6WjPoHPbZyms1ugbDIFAJFuGlpeExJMU/+XSL0lQRUkg/D0utFkDoLXf8Z1km5B+xVZ2GyMXXiX8qdeNmPg==",
        "dependencies": {
          "Microsoft.Extensions.Diagnostics.Abstractions": "10.0.0",
          "Microsoft.Extensions.Logging.Configuration": "10.0.0",
          "OpenTelemetry.Api.ProviderBuilderExtensions": "1.15.3"
        }
      },
      "OpenTelemetry.Api": {
        "type": "Transitive",
        "resolved": "1.15.3",
        "contentHash": "fX+fkCysfPut+qCcT3bKqyX4QN9Saf4CgX8HLOHywEVD+Xr7sULtfuypITpoDysjx8R59dn/3mWhgimMH8cm/g=="
      },
      "OpenTelemetry.Api.ProviderBuilderExtensions": {
        "type": "Transitive",
        "resolved": "1.15.3",
        "contentHash": "SYn0lqYDwLMWhv/zlNGsQcl2yX++yTumanX46bmOZE/ZDOd1WjPBO2kZaZgKLEZTZk48pavIFGJ6vOvxXgWVFQ==",
        "dependencies": {
          "Microsoft.Extensions.DependencyInjection.Abstractions": "10.0.0",
          "OpenTelemetry.Api": "1.15.3"
        }
      },
      "System.ClientModel": {
        "type": "Transitive",
        "resolved": "1.15.0",
        "contentHash": "y6zQLInrpX+oGL1gXM04DrUSu1O1esWxt4rD/zrujTnzIFChn/noD1OiVVpTrU8ZvglwqO2Uw038svUR3SiAOg==",
        "dependencies": {
          "Microsoft.Extensions.Configuration.Abstractions": "10.0.9",
          "Microsoft.Extensions.Hosting.Abstractions": "10.0.9",
          "Microsoft.Extensions.Logging.Abstractions": "10.0.9",
          "System.Memory.Data": "10.0.9"
        }
      },
      "System.ComponentModel.Annotations": {
        "type": "Transitive",
        "resolved": "5.0.0",
        "contentHash": "dMkqfy2el8A8/I76n2Hi1oBFEbG1SfxD2l5nhwXV3XjlnOmwxJlQbYpJH4W51odnU9sARCSAgv7S3CyAFMkpYg=="
      },
      "System.Configuration.ConfigurationManager": {
        "type": "Transitive",
        "resolved": "6.0.0",
        "contentHash": "7T+m0kDSlIPTHIkPMIu6m6tV6qsMqJpvQWW2jIc2qi7sn40qxFo0q+7mEQAhMPXZHMKnWrnv47ntGlM/ejvw3g==",
        "dependencies": {
          "System.Security.Cryptography.ProtectedData": "6.0.0",
          "System.Security.Permissions": "6.0.0"
        }
      },
      "System.Diagnostics.EventLog": {
        "type": "Transitive",
        "resolved": "10.0.11",
        "contentHash": "QTXEoQBzz00SFWbo7nAg1Ogd4f99lwqcO9uAJ7MYSLEUR28f6As32QktrqG2Fr9cfAfd1GjLyGYspE7Ipj7P6w=="
      },
      "System.Drawing.Common": {
        "type": "Transitive",
        "resolved": "6.0.0",
        "contentHash": "NfuoKUiP2nUWwKZN6twGqXioIe1zVD0RIj2t976A+czLHr2nY454RwwXs6JU9Htc6mwqL6Dn/nEL3dpVf2jOhg==",
        "dependencies": {
          "Microsoft.Win32.SystemEvents": "6.0.0"
        }
      },
      "System.IdentityModel.Tokens.Jwt": {
        "type": "Transitive",
        "resolved": "6.35.0",
        "contentHash": "yxGIQd3BFK7F6S62/7RdZk3C/mfwyVxvh6ngd1VYMBmbJ1YZZA9+Ku6suylVtso0FjI0wbElpJ0d27CdsyLpBQ==",
        "dependencies": {
          "Microsoft.IdentityModel.JsonWebTokens": "6.35.0",
          "Microsoft.IdentityModel.Tokens": "6.35.0"
        }
      },
      "System.IO.Hashing": {
        "type": "Transitive",
        "resolved": "10.0.8",
        "contentHash": "+dJsbPJ3FyUbTZNplFj0RCKePFizmv6ewDV46JE9q/IVH4c3xTCftHfHelLsAKf0jryIPqgMb5GpS0x7TAY3mg=="
      },
      "System.Memory.Data": {
        "type": "Transitive",
        "resolved": "10.0.10",
        "contentHash": "roR+5AeOpflUxJQlqSfsZs/Bvi1uw4KBuTkIgF1e8l0RdalG4AUn84+sjJLclEfOV85gAjc8+Pp540qjDE5UIg=="
      },
      "System.Numerics.Tensors": {
        "type": "Transitive",
        "resolved": "10.0.6",
        "contentHash": "DOZ8Z8CxHVWU8gSo4ZQ8sCAPIQb+agp56ISuMiu39WWZiV+reZwn9NM1tj4lRDfqLaOAinF6zTi0csmFBQes9Q=="
      },
      "System.Security.Cryptography.ProtectedData": {
        "type": "Transitive",
        "resolved": "6.0.0",
        "contentHash": "rp1gMNEZpvx9vP0JW0oHLxlf8oSiQgtno77Y4PLUBjSiDYoD77Y8uXHr1Ea5XG4/pIKhqAdxZ8v8OTUtqo9PeQ=="
      },
      "System.Security.Permissions": {
        "type": "Transitive",
        "resolved": "6.0.0",
        "contentHash": "T/uuc7AklkDoxmcJ7LGkyX1CcSviZuLCa4jg3PekfJ7SU0niF0IVTXwUiNVP9DSpzou2PpxJ+eNY2IfDM90ZCg==",
        "dependencies": {
          "System.Windows.Extensions": "6.0.0"
        }
      },
      "System.Windows.Extensions": {
        "type": "Transitive",
        "resolved": "6.0.0",
        "contentHash": "IXoJOXIqc39AIe+CIR7koBtRGMiCt/LPM3lI+PELtDIy9XdyeSrwXFdWV9dzJ2Awl0paLWUaknLxFQ5HpHZUog==",
        "dependencies": {
          "System.Drawing.Common": "6.0.0"
        }
      },
      "pinballwizard.application": {
        "type": "Project",
        "dependencies": {
          "Azure.Core": "[1.62.0, )",
          "Microsoft.Agents.AI": "[1.5.0, )",
          "Microsoft.Bcl.Memory": "[10.0.10, )",
          "Microsoft.Extensions.DependencyInjection.Abstractions": "[10.0.11, )",
          "Microsoft.Extensions.Hosting": "[10.0.11, )",
          "Microsoft.Extensions.Logging.Abstractions": "[10.0.11, )",
          "Microsoft.Extensions.Options": "[10.0.11, )",
          "Microsoft.ML.Tokenizers": "[2.0.0, )",
          "Microsoft.ML.Tokenizers.Data.Cl100kBase": "[2.0.0, )",
          "PinballWizard.Core": "[1.0.0, )"
        }
      },
      "pinballwizard.core": {
        "type": "Project"
      },
      "Azure.Core": {
        "type": "CentralTransitive",
        "requested": "[1.62.0, )",
        "resolved": "1.62.0",
        "contentHash": "C0ijs91ZW2uhF/VwGLXeayb+RwTWhDxKnrsmqPWg5HkYtPQ93mzaydyMCjAzE0AG5yHc1bpaPc+NPlZUgz3w8g==",
        "dependencies": {
          "Microsoft.Bcl.AsyncInterfaces": "10.0.10",
          "Microsoft.Extensions.Configuration.Abstractions": "10.0.10",
          "Microsoft.Extensions.Hosting.Abstractions": "10.0.10",
          "Microsoft.Identity.Client": "4.84.2",
          "Microsoft.Identity.Client.Extensions.Msal": "4.84.2",
          "System.ClientModel": "1.15.0",
          "System.Memory.Data": "10.0.10"
        }
      },
      "Microsoft.Agents.AI": {
        "type": "CentralTransitive",
        "requested": "[1.5.0, )",
        "resolved": "1.5.0",
        "contentHash": "7DjXYh2I4yec0a74a26RLHbQBg5M8n73LzwOT3tBOPEXLyI5SFXfgVD/luqk85ThuNeuuCzA8WrCpAE1P475Qg==",
        "dependencies": {
          "Microsoft.Agents.AI.Abstractions": "1.5.0",
          "Microsoft.Extensions.AI": "10.5.1",
          "Microsoft.Extensions.AI.Abstractions": "10.5.1",
          "Microsoft.Extensions.AI.Evaluation": "10.4.0",
          "Microsoft.Extensions.Compliance.Abstractions": "10.5.0",
          "Microsoft.Extensions.DependencyInjection.Abstractions": "10.0.6",
          "Microsoft.Extensions.FileSystemGlobbing": "10.0.6",
          "Microsoft.Extensions.Logging.Abstractions": "10.0.6",
          "Microsoft.Extensions.VectorData.Abstractions": "9.7.0",
          "Microsoft.ML.Tokenizers": "2.0.0"
        }
      },
      "Microsoft.Bcl.Memory": {
        "type": "CentralTransitive",
        "requested": "[10.0.10, )",
        "resolved": "10.0.10",
        "contentHash": "/PxGfVdy8P15x9TUyAyWfzR92DcRVRCMs4nMnVS6bldRaDTJJPG9ECJPlF0lbkeZdqwM5eSkOQ214YwvcimAWQ=="
      },
      "Microsoft.Extensions.Configuration.Binder": {
        "type": "CentralTransitive",
        "requested": "[10.0.11, )",
        "resolved": "10.0.11",
        "contentHash": "rFn8RuszZn3qquPVkDytMUlPc2+rXl9MCoygwc1XmAgC5vg5/oXJ8hkOosOrLoBLsqdTy4lFwP6iQdPS9uSYOA==",
        "dependencies": {
          "Microsoft.Extensions.Configuration": "10.0.11",
          "Microsoft.Extensions.Configuration.Abstractions": "10.0.11"
        }
      },
      "Microsoft.Extensions.Logging": {
        "type": "CentralTransitive",
        "requested": "[10.0.11, )",
        "resolved": "10.0.11",
        "contentHash": "nUOJwgFkSiLHiVGFpU22pIJtuWYewuSYQ3JVuP/gdK8ASMT807Px+TYQiRWs6uSsOmoyFTaVCwKXTasczV6BpA==",
        "dependencies": {
          "Microsoft.Extensions.DependencyInjection": "10.0.11",
          "Microsoft.Extensions.Logging.Abstractions": "10.0.11",
          "Microsoft.Extensions.Options": "10.0.11"
        }
      },
      "Microsoft.ML.Tokenizers": {
        "type": "CentralTransitive",
        "requested": "[2.0.0, )",
        "resolved": "2.0.0",
        "contentHash": "+b8lT4cLLO/sBR2hjvE/qG6qrZG15h7/PBvnIrzTh4xDaAxdHUY6449rC+1pHzQUsBiCHZVbj+VMn+xS0sL7TA==",
        "dependencies": {
          "Google.Protobuf": "3.30.2"
        }
      },
      "Microsoft.ML.Tokenizers.Data.Cl100kBase": {
        "type": "CentralTransitive",
        "requested": "[2.0.0, )",
        "resolved": "2.0.0",
        "contentHash": "APL8S3FFDesfAMBACeVhRjFLMEEavCVgExPvmM1JkC4u+iiQOiqmOS47bN0n4iKM8k/yYhxd3bBVB3uKo6CCGg==",
        "dependencies": {
          "Google.Protobuf": "3.30.2",
          "Microsoft.Bcl.AsyncInterfaces": "9.0.4",
          "Microsoft.Bcl.HashCode": "6.0.0",
          "Microsoft.Bcl.Memory": "9.0.4",
          "Microsoft.ML.Tokenizers": "2.0.0"
        }
      },
      "OpenTelemetry.Extensions.Hosting": {
        "type": "CentralTransitive",
        "requested": "[1.18.0, )",
        "resolved": "1.15.3",
        "contentHash": "u8n/W8yIlqv0BXZmvId1iVaeWXG42tGKdTkuLYg5g57Y/r9CeUNzqtrSHNdG5IoO8iPX79w3v+WsbAHgUQbfeg==",
        "dependencies": {
          "Microsoft.Extensions.Hosting.Abstractions": "10.0.0",
          "OpenTelemetry": "1.15.3"
        }
      }
    }
  }
}